
Microsoft Visual Studio Solution File, Format Version 12.00
# Visual Studio 15
VisualStudioVersion = 15.0.26403.7
MinimumVisualStudioVersion = 10.0.40219.1
Project("{2150E333-8FDC-42A3-9474-1A3956D46DE8}") = "1.Clients", "1.Clients", "{2A3C80D7-5125-4B82-B17E-9ADB5C3BEF57}"
EndProject
Project("{2150E333-8FDC-42A3-9474-1A3956D46DE8}") = "2.Managers", "2.Managers", "{EC866E00-EB13-48C9-9DBD-5822C9CF0DB8}"
EndProject
Project("{2150E333-8FDC-42A3-9474-1A3956D46DE8}") = "3.Engines", "3.Engines", "{BC39EB46-325E-4C96-B688-8F15F7FA2A48}"
EndProject
Project("{2150E333-8FDC-42A3-9474-1A3956D46DE8}") = "4.ResourceAccess", "4.ResourceAccess", "{600D3A3D-268F-47BA-ABE8-753F7E590F9E}"
EndProject
Project("{2150E333-8FDC-42A3-9474-1A3956D46DE8}") = "5.Shared", "5.Shared", "{16313830-F3B2-4C76-B7C8-9FB509435470}"
EndProject
Project("{2150E333-8FDC-42A3-9474-1A3956D46DE8}") = "6.Databases", "6.Databases", "{63373A51-5A23-47D8-BDDE-0C9DA5C86D3F}"
EndProject
Project("{2150E333-8FDC-42A3-9474-1A3956D46DE8}") = "Externals", "Externals", "{ED15583B-6B9B-437D-9843-9B1E2E44BB26}"
EndProject
Project("{2150E333-8FDC-42A3-9474-1A3956D46DE8}") = "Tests", "Tests", "{A4B91AB9-AEA2-4B90-B055-0E3D11A2BFD9}"
EndProject
Project("{FAE04EC0-301F-11D3-BF4B-00C04F79EFBC}") = "ApiManager", "boardchitless.manager.ApiManager\ApiManager.csproj", "{E32C29D7-845B-4D41-9104-DAB22B57C81D}"
EndProject
Project("{FAE04EC0-301F-11D3-BF4B-00C04F79EFBC}") = "ratingCalculationsEngine", "boardchitless.engines.ratingCalculationsEngine\ratingCalculationsEngine.csproj", "{4F6ACD96-9EA2-4A50-A74F-B8E5732721B5}"
EndProject
Project("{FAE04EC0-301F-11D3-BF4B-00C04F79EFBC}") = "SQLAccessor_boardchitless", "boardchitless.resourceAccess.SQLAccessor_boardchitless\SQLAccessor_boardchitless.csproj", "{97A5D3BA-248C-43AA-811F-DFEF3C53B874}"
EndProject
Project("{FAE04EC0-301F-11D3-BF4B-00C04F79EFBC}") = "DataContracts", "boardchitless.shared.datacontracts\DataContracts.csproj", "{B9CF0466-9DCE-431D-B6B5-E15FBC7D837D}"
EndProject
Project("{FAE04EC0-301F-11D3-BF4B-00C04F79EFBC}") = "ClientFactory", "BoardChitless.Shared.ClientFactory\ClientFactory.csproj", "{B55027D3-710B-4719-9D5A-AF02F4BA4DAA}"
EndProject
Project("{FAE04EC0-301F-11D3-BF4B-00C04F79EFBC}") = "Contracts", "BoardChitless.Shared.Contracts\Contracts.csproj", "{720F0150-D391-4BD9-8302-1EA396711679}"
EndProject
Project("{2150E333-8FDC-42A3-9474-1A3956D46DE8}") = "Mocks", "Mocks", "{46E63E0B-10DC-472D-8D3E-6F991EB0A541}"
EndProject
Project("{FAE04EC0-301F-11D3-BF4B-00C04F79EFBC}") = "ApiServiceBase", "BoardChitless.Shared.ApiServiceBase\ApiServiceBase.csproj", "{5DA331E0-4F63-4889-A1BB-2D1F2D97B4A5}"
EndProject
Project("{FAE04EC0-301F-11D3-BF4B-00C04F79EFBC}") = "ResourceAccess.SQLAccessor_boardchitless", "BoardChitless.Tests.ResourceAccess.SQLAccessor_boardchitless\ResourceAccess.SQLAccessor_boardchitless.csproj", "{FFE2DEBF-652E-4ABF-B186-8811E703B14D}"
EndProject
Project("{FAE04EC0-301F-11D3-BF4B-00C04F79EFBC}") = "Common", "BoardChitless.Tests.Common\Common.csproj", "{223C2432-C6FE-4D04-8D7E-C367E1E6E308}"
EndProject
Project("{FAE04EC0-301F-11D3-BF4B-00C04F79EFBC}") = "DataAccesors", "BoardChitless.Tests.Mocks.DataAccesors\DataAccesors.csproj", "{CDD076AF-8D29-45FD-865B-CB798B288110}"
EndProject
Project("{FAE04EC0-301F-11D3-BF4B-00C04F79EFBC}") = "RunAPIIntegrations", "boardchitless.Clients.RunAPIIntegrations\RunAPIIntegrations.csproj", "{777D78C5-7BD6-4A74-8B26-7960EA267AAB}"
EndProject
Project("{FAE04EC0-301F-11D3-BF4B-00C04F79EFBC}") = "loadConsole", "boardchitless.client.loadConsole\loadConsole.csproj", "{963CE2E4-D73F-4DB6-BD9D-1B4DBF0A596F}"
EndProject
Project("{FAE04EC0-301F-11D3-BF4B-00C04F79EFBC}") = "LoadManager", "BoardChitless.Manager.LoadManager\LoadManager.csproj", "{9D79C155-C2C5-42EF-AC88-B2DA2563FFFB}"
EndProject
Project("{FAE04EC0-301F-11D3-BF4B-00C04F79EFBC}") = "APIAccessor_boardgamegeek", "boardchitless.resourceAccess.APIAccessor_boardgamegeek\APIAccessor_boardgamegeek.csproj", "{0DFD634B-7633-4D07-86EF-59E4E8D35C73}"
EndProject
Project("{00D1A9C2-B5F0-4AF3-8072-F6C62B433612}") = "BoardChitless", "BoardChitless\BoardChitless.sqlproj", "{C6E98E24-3EC4-41AF-B901-4C7E1E17576A}"
EndProject
Project("{FAE04EC0-301F-11D3-BF4B-00C04F79EFBC}") = "ResourceAccess.APIAccessor_boardgamegeek", "BoardChitless.Tests.ResourceAccess.APIAccessor_boardgamegeek\ResourceAccess.APIAccessor_boardgamegeek.csproj", "{C5A44403-CDD2-4ADC-B8C9-B559050E3160}"
EndProject
Project("{FAE04EC0-301F-11D3-BF4B-00C04F79EFBC}") = "APIAccessor_twitter", "boardchitless.resourceAccess.APIAccessor_twitter\APIAccessor_twitter.csproj", "{A9ABC982-C790-401F-B821-7B475DF059CC}"
EndProject
Project("{FAE04EC0-301F-11D3-BF4B-00C04F79EFBC}") = "ResourceAccess.APIAccessor_twitter", "BoardChitless.Tests.ResourceAccess.APIAccessor_twitter\ResourceAccess.APIAccessor_twitter.csproj", "{6ED5F760-CE31-4851-AB33-D31EDF392D17}"
EndProject
Project("{FAE04EC0-301F-11D3-BF4B-00C04F79EFBC}") = "SampleAPI", "SampleAPI\SampleAPI.csproj", "{FBF3C627-6357-4729-9A5D-DDB15B3411C1}"
EndProject
Global
	GlobalSection(SolutionConfigurationPlatforms) = preSolution
		Debug|Any CPU = Debug|Any CPU
		Release|Any CPU = Release|Any CPU
	EndGlobalSection
	GlobalSection(ProjectConfigurationPlatforms) = postSolution
		{E32C29D7-845B-4D41-9104-DAB22B57C81D}.Debug|Any CPU.ActiveCfg = Debug|Any CPU
		{E32C29D7-845B-4D41-9104-DAB22B57C81D}.Debug|Any CPU.Build.0 = Debug|Any CPU
		{E32C29D7-845B-4D41-9104-DAB22B57C81D}.Release|Any CPU.ActiveCfg = Release|Any CPU
		{E32C29D7-845B-4D41-9104-DAB22B57C81D}.Release|Any CPU.Build.0 = Release|Any CPU
		{4F6ACD96-9EA2-4A50-A74F-B8E5732721B5}.Debug|Any CPU.ActiveCfg = Debug|Any CPU
		{4F6ACD96-9EA2-4A50-A74F-B8E5732721B5}.Debug|Any CPU.Build.0 = Debug|Any CPU
		{4F6ACD96-9EA2-4A50-A74F-B8E5732721B5}.Release|Any CPU.ActiveCfg = Release|Any CPU
		{4F6ACD96-9EA2-4A50-A74F-B8E5732721B5}.Release|Any CPU.Build.0 = Release|Any CPU
		{97A5D3BA-248C-43AA-811F-DFEF3C53B874}.Debug|Any CPU.ActiveCfg = Debug|Any CPU
		{97A5D3BA-248C-43AA-811F-DFEF3C53B874}.Debug|Any CPU.Build.0 = Debug|Any CPU
		{97A5D3BA-248C-43AA-811F-DFEF3C53B874}.Release|Any CPU.ActiveCfg = Release|Any CPU
		{97A5D3BA-248C-43AA-811F-DFEF3C53B874}.Release|Any CPU.Build.0 = Release|Any CPU
		{B9CF0466-9DCE-431D-B6B5-E15FBC7D837D}.Debug|Any CPU.ActiveCfg = Debug|Any CPU
		{B9CF0466-9DCE-431D-B6B5-E15FBC7D837D}.Debug|Any CPU.Build.0 = Debug|Any CPU
		{B9CF0466-9DCE-431D-B6B5-E15FBC7D837D}.Release|Any CPU.ActiveCfg = Release|Any CPU
		{B9CF0466-9DCE-431D-B6B5-E15FBC7D837D}.Release|Any CPU.Build.0 = Release|Any CPU
		{B55027D3-710B-4719-9D5A-AF02F4BA4DAA}.Debug|Any CPU.ActiveCfg = Debug|Any CPU
		{B55027D3-710B-4719-9D5A-AF02F4BA4DAA}.Debug|Any CPU.Build.0 = Debug|Any CPU
		{B55027D3-710B-4719-9D5A-AF02F4BA4DAA}.Release|Any CPU.ActiveCfg = Release|Any CPU
		{B55027D3-710B-4719-9D5A-AF02F4BA4DAA}.Release|Any CPU.Build.0 = Release|Any CPU
		{720F0150-D391-4BD9-8302-1EA396711679}.Debug|Any CPU.ActiveCfg = Debug|Any CPU
		{720F0150-D391-4BD9-8302-1EA396711679}.Debug|Any CPU.Build.0 = Debug|Any CPU
		{720F0150-D391-4BD9-8302-1EA396711679}.Release|Any CPU.ActiveCfg = Release|Any CPU
		{720F0150-D391-4BD9-8302-1EA396711679}.Release|Any CPU.Build.0 = Release|Any CPU
		{5DA331E0-4F63-4889-A1BB-2D1F2D97B4A5}.Debug|Any CPU.ActiveCfg = Debug|Any CPU
		{5DA331E0-4F63-4889-A1BB-2D1F2D97B4A5}.Debug|Any CPU.Build.0 = Debug|Any CPU
		{5DA331E0-4F63-4889-A1BB-2D1F2D97B4A5}.Release|Any CPU.ActiveCfg = Release|Any CPU
		{5DA331E0-4F63-4889-A1BB-2D1F2D97B4A5}.Release|Any CPU.Build.0 = Release|Any CPU
		{FFE2DEBF-652E-4ABF-B186-8811E703B14D}.Debug|Any CPU.ActiveCfg = Debug|Any CPU
		{FFE2DEBF-652E-4ABF-B186-8811E703B14D}.Debug|Any CPU.Build.0 = Debug|Any CPU
		{FFE2DEBF-652E-4ABF-B186-8811E703B14D}.Release|Any CPU.ActiveCfg = Release|Any CPU
		{FFE2DEBF-652E-4ABF-B186-8811E703B14D}.Release|Any CPU.Build.0 = Release|Any CPU
		{223C2432-C6FE-4D04-8D7E-C367E1E6E308}.Debug|Any CPU.ActiveCfg = Debug|Any CPU
		{223C2432-C6FE-4D04-8D7E-C367E1E6E308}.Debug|Any CPU.Build.0 = Debug|Any CPU
		{223C2432-C6FE-4D04-8D7E-C367E1E6E308}.Release|Any CPU.ActiveCfg = Release|Any CPU
		{223C2432-C6FE-4D04-8D7E-C367E1E6E308}.Release|Any CPU.Build.0 = Release|Any CPU
		{CDD076AF-8D29-45FD-865B-CB798B288110}.Debug|Any CPU.ActiveCfg = Debug|Any CPU
		{CDD076AF-8D29-45FD-865B-CB798B288110}.Debug|Any CPU.Build.0 = Debug|Any CPU
		{CDD076AF-8D29-45FD-865B-CB798B288110}.Release|Any CPU.ActiveCfg = Release|Any CPU
		{CDD076AF-8D29-45FD-865B-CB798B288110}.Release|Any CPU.Build.0 = Release|Any CPU
		{777D78C5-7BD6-4A74-8B26-7960EA267AAB}.Debug|Any CPU.ActiveCfg = Debug|Any CPU
		{777D78C5-7BD6-4A74-8B26-7960EA267AAB}.Debug|Any CPU.Build.0 = Debug|Any CPU
		{777D78C5-7BD6-4A74-8B26-7960EA267AAB}.Release|Any CPU.ActiveCfg = Release|Any CPU
		{777D78C5-7BD6-4A74-8B26-7960EA267AAB}.Release|Any CPU.Build.0 = Release|Any CPU
		{963CE2E4-D73F-4DB6-BD9D-1B4DBF0A596F}.Debug|Any CPU.ActiveCfg = Debug|Any CPU
		{963CE2E4-D73F-4DB6-BD9D-1B4DBF0A596F}.Debug|Any CPU.Build.0 = Debug|Any CPU
		{963CE2E4-D73F-4DB6-BD9D-1B4DBF0A596F}.Release|Any CPU.ActiveCfg = Release|Any CPU
		{963CE2E4-D73F-4DB6-BD9D-1B4DBF0A596F}.Release|Any CPU.Build.0 = Release|Any CPU
		{9D79C155-C2C5-42EF-AC88-B2DA2563FFFB}.Debug|Any CPU.ActiveCfg = Debug|Any CPU
		{9D79C155-C2C5-42EF-AC88-B2DA2563FFFB}.Debug|Any CPU.Build.0 = Debug|Any CPU
		{9D79C155-C2C5-42EF-AC88-B2DA2563FFFB}.Release|Any CPU.ActiveCfg = Release|Any CPU
		{9D79C155-C2C5-42EF-AC88-B2DA2563FFFB}.Release|Any CPU.Build.0 = Release|Any CPU
		{0DFD634B-7633-4D07-86EF-59E4E8D35C73}.Debug|Any CPU.ActiveCfg = Debug|Any CPU
		{0DFD634B-7633-4D07-86EF-59E4E8D35C73}.Debug|Any CPU.Build.0 = Debug|Any CPU
		{0DFD634B-7633-4D07-86EF-59E4E8D35C73}.Release|Any CPU.ActiveCfg = Release|Any CPU
		{0DFD634B-7633-4D07-86EF-59E4E8D35C73}.Release|Any CPU.Build.0 = Release|Any CPU
		{C6E98E24-3EC4-41AF-B901-4C7E1E17576A}.Debug|Any CPU.ActiveCfg = Debug|Any CPU
		{C6E98E24-3EC4-41AF-B901-4C7E1E17576A}.Debug|Any CPU.Build.0 = Debug|Any CPU
		{C6E98E24-3EC4-41AF-B901-4C7E1E17576A}.Debug|Any CPU.Deploy.0 = Debug|Any CPU
		{C6E98E24-3EC4-41AF-B901-4C7E1E17576A}.Release|Any CPU.ActiveCfg = Release|Any CPU
		{C6E98E24-3EC4-41AF-B901-4C7E1E17576A}.Release|Any CPU.Build.0 = Release|Any CPU
		{C6E98E24-3EC4-41AF-B901-4C7E1E17576A}.Release|Any CPU.Deploy.0 = Release|Any CPU
		{C5A44403-CDD2-4ADC-B8C9-B559050E3160}.Debug|Any CPU.ActiveCfg = Debug|Any CPU
		{C5A44403-CDD2-4ADC-B8C9-B559050E3160}.Debug|Any CPU.Build.0 = Debug|Any CPU
		{C5A44403-CDD2-4ADC-B8C9-B559050E3160}.Release|Any CPU.ActiveCfg = Release|Any CPU
		{C5A44403-CDD2-4ADC-B8C9-B559050E3160}.Release|Any CPU.Build.0 = Release|Any CPU
		{A9ABC982-C790-401F-B821-7B475DF059CC}.Debug|Any CPU.ActiveCfg = Debug|Any CPU
		{A9ABC982-C790-401F-B821-7B475DF059CC}.Debug|Any CPU.Build.0 = Debug|Any CPU
		{A9ABC982-C790-401F-B821-7B475DF059CC}.Release|Any CPU.ActiveCfg = Release|Any CPU
		{A9ABC982-C790-401F-B821-7B475DF059CC}.Release|Any CPU.Build.0 = Release|Any CPU
		{6ED5F760-CE31-4851-AB33-D31EDF392D17}.Debug|Any CPU.ActiveCfg = Debug|Any CPU
		{6ED5F760-CE31-4851-AB33-D31EDF392D17}.Debug|Any CPU.Build.0 = Debug|Any CPU
		{6ED5F760-CE31-4851-AB33-D31EDF392D17}.Release|Any CPU.ActiveCfg = Release|Any CPU
		{6ED5F760-CE31-4851-AB33-D31EDF392D17}.Release|Any CPU.Build.0 = Release|Any CPU
		{FBF3C627-6357-4729-9A5D-DDB15B3411C1}.Debug|Any CPU.ActiveCfg = Debug|Any CPU
		{FBF3C627-6357-4729-9A5D-DDB15B3411C1}.Debug|Any CPU.Build.0 = Debug|Any CPU
		{FBF3C627-6357-4729-9A5D-DDB15B3411C1}.Release|Any CPU.ActiveCfg = Release|Any CPU
		{FBF3C627-6357-4729-9A5D-DDB15B3411C1}.Release|Any CPU.Build.0 = Release|Any CPU
	EndGlobalSection
	GlobalSection(SolutionProperties) = preSolution
		HideSolutionNode = FALSE
	EndGlobalSection
	GlobalSection(NestedProjects) = preSolution
		{E32C29D7-845B-4D41-9104-DAB22B57C81D} = {EC866E00-EB13-48C9-9DBD-5822C9CF0DB8}
		{4F6ACD96-9EA2-4A50-A74F-B8E5732721B5} = {BC39EB46-325E-4C96-B688-8F15F7FA2A48}
		{97A5D3BA-248C-43AA-811F-DFEF3C53B874} = {600D3A3D-268F-47BA-ABE8-753F7E590F9E}
		{B9CF0466-9DCE-431D-B6B5-E15FBC7D837D} = {16313830-F3B2-4C76-B7C8-9FB509435470}
		{B55027D3-710B-4719-9D5A-AF02F4BA4DAA} = {16313830-F3B2-4C76-B7C8-9FB509435470}
		{720F0150-D391-4BD9-8302-1EA396711679} = {16313830-F3B2-4C76-B7C8-9FB509435470}
		{46E63E0B-10DC-472D-8D3E-6F991EB0A541} = {A4B91AB9-AEA2-4B90-B055-0E3D11A2BFD9}
		{5DA331E0-4F63-4889-A1BB-2D1F2D97B4A5} = {16313830-F3B2-4C76-B7C8-9FB509435470}
		{FFE2DEBF-652E-4ABF-B186-8811E703B14D} = {A4B91AB9-AEA2-4B90-B055-0E3D11A2BFD9}
		{223C2432-C6FE-4D04-8D7E-C367E1E6E308} = {A4B91AB9-AEA2-4B90-B055-0E3D11A2BFD9}
		{CDD076AF-8D29-45FD-865B-CB798B288110} = {46E63E0B-10DC-472D-8D3E-6F991EB0A541}
		{777D78C5-7BD6-4A74-8B26-7960EA267AAB} = {2A3C80D7-5125-4B82-B17E-9ADB5C3BEF57}
		{963CE2E4-D73F-4DB6-BD9D-1B4DBF0A596F} = {2A3C80D7-5125-4B82-B17E-9ADB5C3BEF57}
		{9D79C155-C2C5-42EF-AC88-B2DA2563FFFB} = {EC866E00-EB13-48C9-9DBD-5822C9CF0DB8}
		{0DFD634B-7633-4D07-86EF-59E4E8D35C73} = {600D3A3D-268F-47BA-ABE8-753F7E590F9E}
		{C6E98E24-3EC4-41AF-B901-4C7E1E17576A} = {63373A51-5A23-47D8-BDDE-0C9DA5C86D3F}
		{C5A44403-CDD2-4ADC-B8C9-B559050E3160} = {A4B91AB9-AEA2-4B90-B055-0E3D11A2BFD9}
		{A9ABC982-C790-401F-B821-7B475DF059CC} = {600D3A3D-268F-47BA-ABE8-753F7E590F9E}
		{6ED5F760-CE31-4851-AB33-D31EDF392D17} = {A4B91AB9-AEA2-4B90-B055-0E3D11A2BFD9}
		{FBF3C627-6357-4729-9A5D-DDB15B3411C1} = {2A3C80D7-5125-4B82-B17E-9ADB5C3BEF57}
	EndGlobalSection
EndGlobal
